Microsoft Visual Studio Solution File, Format Version 12.00
# Visual Studio Version 16
VisualStudioVersion = 16.0.28315.86
MinimumVisualStudioVersion = 10.0.40219.1
Project("{2150E333-8FDC-42A3-9474-1A3956D46DE8}") = "Flax", "Flax", "{96E2BA03-6D88-44E7-A494-50027074618E}"
EndProject
Project("{2150E333-8FDC-42A3-9474-1A3956D46DE8}") = "Tools", "Tools", "{81DEDF48-80E3-4758-9871-48E25CFA1E17}"
EndProject
Project("{FAE04EC0-301F-11D3-BF4B-00C04F79EFBC}") = "Game", "Source\Game.csproj", "{2AD1AA43-14D5-462D-B91B-1D8B51C8D538}"
	ProjectSection(ProjectDependencies) = postProject
		{7B7A904B-8BF7-4378-94F4-D3703706DB40} = {7B7A904B-8BF7-4378-94F4-D3703706DB40}
	EndProjectSection
EndProject
Project("{FAE04EC0-301F-11D3-BF4B-00C04F79EFBC}") = "FlaxEngine", "Cache\Projects\FlaxEngine.csproj", "{7B7A904B-8BF7-4378-94F4-D3703706DB40}"
EndProject
Project("{FAE04EC0-301F-11D3-BF4B-00C04F79EFBC}") = "Flax.Build", "E:\dev\FlaxEngine\Source\Tools\Flax.Build\Flax.Build.csproj", "{C99AAF92-D4AD-4847-9EE0-B11E68E93E1E}"
EndProject
Project("{FAE04EC0-301F-11D3-BF4B-00C04F79EFBC}") = "Flax.Build.Tests", "E:\dev\FlaxEngine\Source\Tools\Flax.Build.Tests\Flax.Build.Tests.csproj", "{3FB235A6-ADFF-415E-92B8-E810DA981A02}"
EndProject
Project("{FAE04EC0-301F-11D3-BF4B-00C04F79EFBC}") = "Flax.Stats", "E:\dev\FlaxEngine\Source\Tools\Flax.Stats\Flax.Stats.csproj", "{E9B47E88-802C-45E4-BFF4-F05A6F991BC9}"
EndProject
Project("{FAE04EC0-301F-11D3-BF4B-00C04F79EFBC}") = "FlaxEngine.Tests", "E:\dev\FlaxEngine\Source\Tools\FlaxEngine.Tests\FlaxEngine.Tests.csproj", "{4AAED6A2-38B1-4A31-AB04-9264A94A8ECA}"
EndProject
Project("{FAE04EC0-301F-11D3-BF4B-00C04F79EFBC}") = "BuildScripts", "Cache\Projects\BuildScripts.csproj", "{555984E7-E69B-4D78-992C-055F4B956ADA}"
EndProject
Global
	GlobalSection(SolutionConfigurationPlatforms) = preSolution
		Debug|Any CPU = Debug|Any CPU
		Debug|UWP_x64 = Debug|UWP_x64
		Debug|Win32 = Debug|Win32
		Debug|Win64 = Debug|Win64
		Editor.Debug|Any CPU = Editor.Debug|Any CPU
		Editor.Debug|UWP_x64 = Editor.Debug|UWP_x64
		Editor.Debug|Win32 = Editor.Debug|Win32
		Editor.Debug|Win64 = Editor.Debug|Win64
		Editor.Development|Any CPU = Editor.Development|Any CPU
		Editor.Development|UWP_x64 = Editor.Development|UWP_x64
		Editor.Development|Win32 = Editor.Development|Win32
		Editor.Development|Win64 = Editor.Development|Win64
		Editor.Release|Any CPU = Editor.Release|Any CPU
		Editor.Release|UWP_x64 = Editor.Release|UWP_x64
		Editor.Release|Win32 = Editor.Release|Win32
		Editor.Release|Win64 = Editor.Release|Win64
		Game.Debug|Any CPU = Game.Debug|Any CPU
		Game.Debug|UWP_x64 = Game.Debug|UWP_x64
		Game.Debug|Win32 = Game.Debug|Win32
		Game.Debug|Win64 = Game.Debug|Win64
		Game.Development|Any CPU = Game.Development|Any CPU
		Game.Development|UWP_x64 = Game.Development|UWP_x64
		Game.Development|Win32 = Game.Development|Win32
		Game.Development|Win64 = Game.Development|Win64
		Game.Release|Any CPU = Game.Release|Any CPU
		Game.Release|UWP_x64 = Game.Release|UWP_x64
		Game.Release|Win32 = Game.Release|Win32
		Game.Release|Win64 = Game.Release|Win64
		Release|Any CPU = Release|Any CPU
		Release|UWP_x64 = Release|UWP_x64
		Release|Win32 = Release|Win32
		Release|Win64 = Release|Win64
		Tests.Development|Any CPU = Tests.Development|Any CPU
		Tests.Development|UWP_x64 = Tests.Development|UWP_x64
		Tests.Development|Win32 = Tests.Development|Win32
		Tests.Development|Win64 = Tests.Development|Win64
	EndGlobalSection
	GlobalSection(ProjectConfigurationPlatforms) = postSolution
		{2AD1AA43-14D5-462D-B91B-1D8B51C8D538}.Debug|Any CPU.ActiveCfg = Editor.Windows.Debug|x64
		{2AD1AA43-14D5-462D-B91B-1D8B51C8D538}.Debug|UWP_x64.ActiveCfg = Game.UWP.Debug|x64
		{2AD1AA43-14D5-462D-B91B-1D8B51C8D538}.Debug|Win32.ActiveCfg = Game.Windows.Debug|Win32
		{2AD1AA43-14D5-462D-B91B-1D8B51C8D538}.Debug|Win64.ActiveCfg = Editor.Windows.Debug|x64
		{2AD1AA43-14D5-462D-B91B-1D8B51C8D538}.Editor.Debug|Any CPU.ActiveCfg = Editor.Windows.Debug|x64
		{2AD1AA43-14D5-462D-B91B-1D8B51C8D538}.Editor.Debug|UWP_x64.ActiveCfg = Game.UWP.Debug|x64
		{2AD1AA43-14D5-462D-B91B-1D8B51C8D538}.Editor.Debug|Win32.ActiveCfg = Game.Windows.Debug|Win32
		{2AD1AA43-14D5-462D-B91B-1D8B51C8D538}.Editor.Debug|Win64.ActiveCfg = Editor.Windows.Debug|x64
		{2AD1AA43-14D5-462D-B91B-1D8B51C8D538}.Editor.Debug|Win64.Build.0 = Editor.Windows.Debug|x64
		{2AD1AA43-14D5-462D-B91B-1D8B51C8D538}.Editor.Development|Any CPU.ActiveCfg = Editor.Windows.Debug|x64
		{2AD1AA43-14D5-462D-B91B-1D8B51C8D538}.Editor.Development|UWP_x64.ActiveCfg = Game.UWP.Debug|x64
		{2AD1AA43-14D5-462D-B91B-1D8B51C8D538}.Editor.Development|Win32.ActiveCfg = Game.Windows.Debug|Win32
		{2AD1AA43-14D5-462D-B91B-1D8B51C8D538}.Editor.Development|Win64.ActiveCfg = Editor.Windows.Development|x64
		{2AD1AA43-14D5-462D-B91B-1D8B51C8D538}.Editor.Development|Win64.Build.0 = Editor.Windows.Development|x64
		{2AD1AA43-14D5-462D-B91B-1D8B51C8D538}.Editor.Release|Any CPU.ActiveCfg = Editor.Windows.Debug|x64
		{2AD1AA43-14D5-462D-B91B-1D8B51C8D538}.Editor.Release|UWP_x64.ActiveCfg = Game.UWP.Debug|x64
		{2AD1AA43-14D5-462D-B91B-1D8B51C8D538}.Editor.Release|Win32.ActiveCfg = Game.Windows.Debug|Win32
		{2AD1AA43-14D5-462D-B91B-1D8B51C8D538}.Editor.Release|Win64.ActiveCfg = Editor.Windows.Release|x64
		{2AD1AA43-14D5-462D-B91B-1D8B51C8D538}.Editor.Release|Win64.Build.0 = Editor.Windows.Release|x64
		{2AD1AA43-14D5-462D-B91B-1D8B51C8D538}.Game.Debug|Any CPU.ActiveCfg = Editor.Windows.Debug|x64
		{2AD1AA43-14D5-462D-B91B-1D8B51C8D538}.Game.Debug|UWP_x64.ActiveCfg = Game.UWP.Debug|x64
		{2AD1AA43-14D5-462D-B91B-1D8B51C8D538}.Game.Debug|UWP_x64.Build.0 = Game.UWP.Debug|x64
		{2AD1AA43-14D5-462D-B91B-1D8B51C8D538}.Game.Debug|Win32.ActiveCfg = Game.Windows.Debug|Win32
		{2AD1AA43-14D5-462D-B91B-1D8B51C8D538}.Game.Debug|Win32.Build.0 = Game.Windows.Debug|Win32
		{2AD1AA43-14D5-462D-B91B-1D8B51C8D538}.Game.Debug|Win64.ActiveCfg = Game.Windows.Debug|x64
		{2AD1AA43-14D5-462D-B91B-1D8B51C8D538}.Game.Debug|Win64.Build.0 = Game.Windows.Debug|x64
		{2AD1AA43-14D5-462D-B91B-1D8B51C8D538}.Game.Development|Any CPU.ActiveCfg = Editor.Windows.Debug|x64
		{2AD1AA43-14D5-462D-B91B-1D8B51C8D538}.Game.Development|UWP_x64.ActiveCfg = Game.UWP.Development|x64
		{2AD1AA43-14D5-462D-B91B-1D8B51C8D538}.Game.Development|UWP_x64.Build.0 = Game.UWP.Development|x64
		{2AD1AA43-14D5-462D-B91B-1D8B51C8D538}.Game.Development|Win32.ActiveCfg = Game.Windows.Development|Win32
		{2AD1AA43-14D5-462D-B91B-1D8B51C8D538}.Game.Development|Win32.Build.0 = Game.Windows.Development|Win32
		{2AD1AA43-14D5-462D-B91B-1D8B51C8D538}.Game.Development|Win64.ActiveCfg = Game.Windows.Development|x64
		{2AD1AA43-14D5-462D-B91B-1D8B51C8D538}.Game.Development|Win64.Build.0 = Game.Windows.Development|x64
		{2AD1AA43-14D5-462D-B91B-1D8B51C8D538}.Game.Release|Any CPU.ActiveCfg = Editor.Windows.Debug|x64
		{2AD1AA43-14D5-462D-B91B-1D8B51C8D538}.Game.Release|UWP_x64.ActiveCfg = Game.UWP.Release|x64
		{2AD1AA43-14D5-462D-B91B-1D8B51C8D538}.Game.Release|UWP_x64.Build.0 = Game.UWP.Release|x64
		{2AD1AA43-14D5-462D-B91B-1D8B51C8D538}.Game.Release|Win32.ActiveCfg = Game.Windows.Release|Win32
		{2AD1AA43-14D5-462D-B91B-1D8B51C8D538}.Game.Release|Win32.Build.0 = Game.Windows.Release|Win32
		{2AD1AA43-14D5-462D-B91B-1D8B51C8D538}.Game.Release|Win64.ActiveCfg = Game.Windows.Release|x64
		{2AD1AA43-14D5-462D-B91B-1D8B51C8D538}.Game.Release|Win64.Build.0 = Game.Windows.Release|x64
		{2AD1AA43-14D5-462D-B91B-1D8B51C8D538}.Release|Any CPU.ActiveCfg = Editor.Windows.Debug|x64
		{2AD1AA43-14D5-462D-B91B-1D8B51C8D538}.Release|UWP_x64.ActiveCfg = Game.UWP.Debug|x64
		{2AD1AA43-14D5-462D-B91B-1D8B51C8D538}.Release|Win32.ActiveCfg = Game.Windows.Debug|Win32
		{2AD1AA43-14D5-462D-B91B-1D8B51C8D538}.Release|Win64.ActiveCfg = Editor.Windows.Debug|x64
		{2AD1AA43-14D5-462D-B91B-1D8B51C8D538}.Tests.Development|Any CPU.ActiveCfg = Editor.Windows.Debug|x64
		{2AD1AA43-14D5-462D-B91B-1D8B51C8D538}.Tests.Development|UWP_x64.ActiveCfg = Game.UWP.Debug|x64
		{2AD1AA43-14D5-462D-B91B-1D8B51C8D538}.Tests.Development|Win32.ActiveCfg = Game.Windows.Debug|Win32
		{2AD1AA43-14D5-462D-B91B-1D8B51C8D538}.Tests.Development|Win64.ActiveCfg = Editor.Windows.Debug|x64
		{7B7A904B-8BF7-4378-94F4-D3703706DB40}.Debug|Any CPU.ActiveCfg = Editor.Windows.Debug|x64
		{7B7A904B-8BF7-4378-94F4-D3703706DB40}.Debug|UWP_x64.ActiveCfg = Game.UWP.Debug|x64
		{7B7A904B-8BF7-4378-94F4-D3703706DB40}.Debug|Win32.ActiveCfg = Game.Windows.Debug|Win32
		{7B7A904B-8BF7-4378-94F4-D3703706DB40}.Debug|Win64.ActiveCfg = Editor.Windows.Debug|x64
		{7B7A904B-8BF7-4378-94F4-D3703706DB40}.Editor.Debug|Any CPU.ActiveCfg = Editor.Windows.Debug|x64
		{7B7A904B-8BF7-4378-94F4-D3703706DB40}.Editor.Debug|UWP_x64.ActiveCfg = Game.UWP.Debug|x64
		{7B7A904B-8BF7-4378-94F4-D3703706DB40}.Editor.Debug|Win32.ActiveCfg = Game.Windows.Debug|Win32
		{7B7A904B-8BF7-4378-94F4-D3703706DB40}.Editor.Debug|Win64.ActiveCfg = Editor.Windows.Debug|x64
		{7B7A904B-8BF7-4378-94F4-D3703706DB40}.Editor.Development|Any CPU.ActiveCfg = Editor.Windows.Debug|x64
		{7B7A904B-8BF7-4378-94F4-D3703706DB40}.Editor.Development|UWP_x64.ActiveCfg = Game.UWP.Debug|x64
		{7B7A904B-8BF7-4378-94F4-D3703706DB40}.Editor.Development|Win32.ActiveCfg = Game.Windows.Debug|Win32
		{7B7A904B-8BF7-4378-94F4-D3703706DB40}.Editor.Development|Win64.ActiveCfg = Editor.Windows.Development|x64
		{7B7A904B-8BF7-4378-94F4-D3703706DB40}.Editor.Release|Any CPU.ActiveCfg = Editor.Windows.Debug|x64
		{7B7A904B-8BF7-4378-94F4-D3703706DB40}.Editor.Release|UWP_x64.ActiveCfg = Game.UWP.Debug|x64
		{7B7A904B-8BF7-4378-94F4-D3703706DB40}.Editor.Release|Win32.ActiveCfg = Game.Windows.Debug|Win32
		{7B7A904B-8BF7-4378-94F4-D3703706DB40}.Editor.Release|Win64.ActiveCfg = Editor.Windows.Release|x64
		{7B7A904B-8BF7-4378-94F4-D3703706DB40}.Game.Debug|Any CPU.ActiveCfg = Editor.Windows.Debug|x64
		{7B7A904B-8BF7-4378-94F4-D3703706DB40}.Game.Debug|UWP_x64.ActiveCfg = Game.UWP.Debug|x64
		{7B7A904B-8BF7-4378-94F4-D3703706DB40}.Game.Debug|Win32.ActiveCfg = Game.Windows.Debug|Win32
		{7B7A904B-8BF7-4378-94F4-D3703706DB40}.Game.Debug|Win64.ActiveCfg = Game.Windows.Debug|x64
		{7B7A904B-8BF7-4378-94F4-D3703706DB40}.Game.Development|Any CPU.ActiveCfg = Editor.Windows.Debug|x64
		{7B7A904B-8BF7-4378-94F4-D3703706DB40}.Game.Development|UWP_x64.ActiveCfg = Game.UWP.Development|x64
		{7B7A904B-8BF7-4378-94F4-D3703706DB40}.Game.Development|Win32.ActiveCfg = Game.Windows.Development|Win32
		{7B7A904B-8BF7-4378-94F4-D3703706DB40}.Game.Development|Win64.ActiveCfg = Game.Windows.Development|x64
		{7B7A904B-8BF7-4378-94F4-D3703706DB40}.Game.Release|Any CPU.ActiveCfg = Editor.Windows.Debug|x64
		{7B7A904B-8BF7-4378-94F4-D3703706DB40}.Game.Release|UWP_x64.ActiveCfg = Game.UWP.Release|x64
		{7B7A904B-8BF7-4378-94F4-D3703706DB40}.Game.Release|Win32.ActiveCfg = Game.Windows.Release|Win32
		{7B7A904B-8BF7-4378-94F4-D3703706DB40}.Game.Release|Win64.ActiveCfg = Game.Windows.Release|x64
		{7B7A904B-8BF7-4378-94F4-D3703706DB40}.Release|Any CPU.ActiveCfg = Editor.Windows.Debug|x64
		{7B7A904B-8BF7-4378-94F4-D3703706DB40}.Release|UWP_x64.ActiveCfg = Game.UWP.Debug|x64
		{7B7A904B-8BF7-4378-94F4-D3703706DB40}.Release|Win32.ActiveCfg = Game.Windows.Debug|Win32
		{7B7A904B-8BF7-4378-94F4-D3703706DB40}.Release|Win64.ActiveCfg = Editor.Windows.Debug|x64
		{7B7A904B-8BF7-4378-94F4-D3703706DB40}.Tests.Development|Any CPU.ActiveCfg = Editor.Windows.Debug|x64
		{7B7A904B-8BF7-4378-94F4-D3703706DB40}.Tests.Development|UWP_x64.ActiveCfg = Game.UWP.Debug|x64
		{7B7A904B-8BF7-4378-94F4-D3703706DB40}.Tests.Development|Win32.ActiveCfg = Game.Windows.Debug|Win32
		{7B7A904B-8BF7-4378-94F4-D3703706DB40}.Tests.Development|Win64.ActiveCfg = Tests.Windows.Development|x64
		{C99AAF92-D4AD-4847-9EE0-B11E68E93E1E}.Debug|Any CPU.ActiveCfg = Debug|Any CPU
		{C99AAF92-D4AD-4847-9EE0-B11E68E93E1E}.Debug|UWP_x64.ActiveCfg = Debug|Any CPU
		{C99AAF92-D4AD-4847-9EE0-B11E68E93E1E}.Debug|Win32.ActiveCfg = Debug|Any CPU
		{C99AAF92-D4AD-4847-9EE0-B11E68E93E1E}.Debug|Win64.ActiveCfg = Debug|Any CPU
		{C99AAF92-D4AD-4847-9EE0-B11E68E93E1E}.Editor.Debug|Any CPU.ActiveCfg = Debug|Any CPU
		{C99AAF92-D4AD-4847-9EE0-B11E68E93E1E}.Editor.Debug|UWP_x64.ActiveCfg = Debug|Any CPU
		{C99AAF92-D4AD-4847-9EE0-B11E68E93E1E}.Editor.Debug|Win32.ActiveCfg = Debug|Any CPU
		{C99AAF92-D4AD-4847-9EE0-B11E68E93E1E}.Editor.Debug|Win64.ActiveCfg = Debug|Any CPU
		{C99AAF92-D4AD-4847-9EE0-B11E68E93E1E}.Editor.Development|Any CPU.ActiveCfg = Debug|Any CPU
		{C99AAF92-D4AD-4847-9EE0-B11E68E93E1E}.Editor.Development|UWP_x64.ActiveCfg = Debug|Any CPU
		{C99AAF92-D4AD-4847-9EE0-B11E68E93E1E}.Editor.Development|Win32.ActiveCfg = Debug|Any CPU
		{C99AAF92-D4AD-4847-9EE0-B11E68E93E1E}.Editor.Development|Win64.ActiveCfg = Debug|Any CPU
		{C99AAF92-D4AD-4847-9EE0-B11E68E93E1E}.Editor.Release|Any CPU.ActiveCfg = Debug|Any CPU
		{C99AAF92-D4AD-4847-9EE0-B11E68E93E1E}.Editor.Release|UWP_x64.ActiveCfg = Debug|Any CPU
		{C99AAF92-D4AD-4847-9EE0-B11E68E93E1E}.Editor.Release|Win32.ActiveCfg = Debug|Any CPU
		{C99AAF92-D4AD-4847-9EE0-B11E68E93E1E}.Editor.Release|Win64.ActiveCfg = Debug|Any CPU
		{C99AAF92-D4AD-4847-9EE0-B11E68E93E1E}.Game.Debug|Any CPU.ActiveCfg = Debug|Any CPU
		{C99AAF92-D4AD-4847-9EE0-B11E68E93E1E}.Game.Debug|UWP_x64.ActiveCfg = Debug|Any CPU
		{C99AAF92-D4AD-4847-9EE0-B11E68E93E1E}.Game.Debug|Win32.ActiveCfg = Debug|Any CPU
		{C99AAF92-D4AD-4847-9EE0-B11E68E93E1E}.Game.Debug|Win64.ActiveCfg = Debug|Any CPU
		{C99AAF92-D4AD-4847-9EE0-B11E68E93E1E}.Game.Development|Any CPU.ActiveCfg = Debug|Any CPU
		{C99AAF92-D4AD-4847-9EE0-B11E68E93E1E}.Game.Development|UWP_x64.ActiveCfg = Debug|Any CPU
		{C99AAF92-D4AD-4847-9EE0-B11E68E93E1E}.Game.Development|Win32.ActiveCfg = Debug|Any CPU
		{C99AAF92-D4AD-4847-9EE0-B11E68E93E1E}.Game.Development|Win64.ActiveCfg = Debug|Any CPU
		{C99AAF92-D4AD-4847-9EE0-B11E68E93E1E}.Game.Release|Any CPU.ActiveCfg = Debug|Any CPU
		{C99AAF92-D4AD-4847-9EE0-B11E68E93E1E}.Game.Release|UWP_x64.ActiveCfg = Debug|Any CPU
		{C99AAF92-D4AD-4847-9EE0-B11E68E93E1E}.Game.Release|Win32.ActiveCfg = Debug|Any CPU
		{C99AAF92-D4AD-4847-9EE0-B11E68E93E1E}.Game.Release|Win64.ActiveCfg = Debug|Any CPU
		{C99AAF92-D4AD-4847-9EE0-B11E68E93E1E}.Release|Any CPU.ActiveCfg = Release|Any CPU
		{C99AAF92-D4AD-4847-9EE0-B11E68E93E1E}.Release|UWP_x64.ActiveCfg = Debug|Any CPU
		{C99AAF92-D4AD-4847-9EE0-B11E68E93E1E}.Release|Win32.ActiveCfg = Debug|Any CPU
		{C99AAF92-D4AD-4847-9EE0-B11E68E93E1E}.Release|Win64.ActiveCfg = Debug|Any CPU
		{C99AAF92-D4AD-4847-9EE0-B11E68E93E1E}.Tests.Development|Any CPU.ActiveCfg = Debug|Any CPU
		{C99AAF92-D4AD-4847-9EE0-B11E68E93E1E}.Tests.Development|UWP_x64.ActiveCfg = Debug|Any CPU
		{C99AAF92-D4AD-4847-9EE0-B11E68E93E1E}.Tests.Development|Win32.ActiveCfg = Debug|Any CPU
		{C99AAF92-D4AD-4847-9EE0-B11E68E93E1E}.Tests.Development|Win64.ActiveCfg = Debug|Any CPU
		{3FB235A6-ADFF-415E-92B8-E810DA981A02}.Debug|Any CPU.ActiveCfg = Debug|Any CPU
		{3FB235A6-ADFF-415E-92B8-E810DA981A02}.Debug|UWP_x64.ActiveCfg = Debug|Any CPU
		{3FB235A6-ADFF-415E-92B8-E810DA981A02}.Debug|Win32.ActiveCfg = Debug|Any CPU
		{3FB235A6-ADFF-415E-92B8-E810DA981A02}.Debug|Win64.ActiveCfg = Debug|Any CPU
		{3FB235A6-ADFF-415E-92B8-E810DA981A02}.Editor.Debug|Any CPU.ActiveCfg = Debug|Any CPU
		{3FB235A6-ADFF-415E-92B8-E810DA981A02}.Editor.Debug|UWP_x64.ActiveCfg = Debug|Any CPU
		{3FB235A6-ADFF-415E-92B8-E810DA981A02}.Editor.Debug|Win32.ActiveCfg = Debug|Any CPU
		{3FB235A6-ADFF-415E-92B8-E810DA981A02}.Editor.Debug|Win64.ActiveCfg = Debug|Any CPU
		{3FB235A6-ADFF-415E-92B8-E810DA981A02}.Editor.Development|Any CPU.ActiveCfg = Debug|Any CPU
		{3FB235A6-ADFF-415E-92B8-E810DA981A02}.Editor.Development|UWP_x64.ActiveCfg = Debug|Any CPU
		{3FB235A6-ADFF-415E-92B8-E810DA981A02}.Editor.Development|Win32.ActiveCfg = Debug|Any CPU
		{3FB235A6-ADFF-415E-92B8-E810DA981A02}.Editor.Development|Win64.ActiveCfg = Debug|Any CPU
		{3FB235A6-ADFF-415E-92B8-E810DA981A02}.Editor.Release|Any CPU.ActiveCfg = Debug|Any CPU
		{3FB235A6-ADFF-415E-92B8-E810DA981A02}.Editor.Release|UWP_x64.ActiveCfg = Debug|Any CPU
		{3FB235A6-ADFF-415E-92B8-E810DA981A02}.Editor.Release|Win32.ActiveCfg = Debug|Any CPU
		{3FB235A6-ADFF-415E-92B8-E810DA981A02}.Editor.Release|Win64.ActiveCfg = Debug|Any CPU
		{3FB235A6-ADFF-415E-92B8-E810DA981A02}.Game.Debug|Any CPU.ActiveCfg = Debug|Any CPU
		{3FB235A6-ADFF-415E-92B8-E810DA981A02}.Game.Debug|UWP_x64.ActiveCfg = Debug|Any CPU
		{3FB235A6-ADFF-415E-92B8-E810DA981A02}.Game.Debug|Win32.ActiveCfg = Debug|Any CPU
		{3FB235A6-ADFF-415E-92B8-E810DA981A02}.Game.Debug|Win64.ActiveCfg = Debug|Any CPU
		{3FB235A6-ADFF-415E-92B8-E810DA981A02}.Game.Development|Any CPU.ActiveCfg = Debug|Any CPU
		{3FB235A6-ADFF-415E-92B8-E810DA981A02}.Game.Development|UWP_x64.ActiveCfg = Debug|Any CPU
		{3FB235A6-ADFF-415E-92B8-E810DA981A02}.Game.Development|Win32.ActiveCfg = Debug|Any CPU
		{3FB235A6-ADFF-415E-92B8-E810DA981A02}.Game.Development|Win64.ActiveCfg = Debug|Any CPU
		{3FB235A6-ADFF-415E-92B8-E810DA981A02}.Game.Release|Any CPU.ActiveCfg = Debug|Any CPU
		{3FB235A6-ADFF-415E-92B8-E810DA981A02}.Game.Release|UWP_x64.ActiveCfg = Debug|Any CPU
		{3FB235A6-ADFF-415E-92B8-E810DA981A02}.Game.Release|Win32.ActiveCfg = Debug|Any CPU
		{3FB235A6-ADFF-415E-92B8-E810DA981A02}.Game.Release|Win64.ActiveCfg = Debug|Any CPU
		{3FB235A6-ADFF-415E-92B8-E810DA981A02}.Release|Any CPU.ActiveCfg = Release|Any CPU
		{3FB235A6-ADFF-415E-92B8-E810DA981A02}.Release|UWP_x64.ActiveCfg = Debug|Any CPU
		{3FB235A6-ADFF-415E-92B8-E810DA981A02}.Release|Win32.ActiveCfg = Debug|Any CPU
		{3FB235A6-ADFF-415E-92B8-E810DA981A02}.Release|Win64.ActiveCfg = Debug|Any CPU
		{3FB235A6-ADFF-415E-92B8-E810DA981A02}.Tests.Development|Any CPU.ActiveCfg = Debug|Any CPU
		{3FB235A6-ADFF-415E-92B8-E810DA981A02}.Tests.Development|UWP_x64.ActiveCfg = Debug|Any CPU
		{3FB235A6-ADFF-415E-92B8-E810DA981A02}.Tests.Development|Win32.ActiveCfg = Debug|Any CPU
		{3FB235A6-ADFF-415E-92B8-E810DA981A02}.Tests.Development|Win64.ActiveCfg = Debug|Any CPU
		{E9B47E88-802C-45E4-BFF4-F05A6F991BC9}.Debug|Any CPU.ActiveCfg = Debug|Any CPU
		{E9B47E88-802C-45E4-BFF4-F05A6F991BC9}.Debug|UWP_x64.ActiveCfg = Debug|Any CPU
		{E9B47E88-802C-45E4-BFF4-F05A6F991BC9}.Debug|Win32.ActiveCfg = Debug|Any CPU
		{E9B47E88-802C-45E4-BFF4-F05A6F991BC9}.Debug|Win64.ActiveCfg = Debug|Any CPU
		{E9B47E88-802C-45E4-BFF4-F05A6F991BC9}.Editor.Debug|Any CPU.ActiveCfg = Debug|Any CPU
		{E9B47E88-802C-45E4-BFF4-F05A6F991BC9}.Editor.Debug|UWP_x64.ActiveCfg = Debug|Any CPU
		{E9B47E88-802C-45E4-BFF4-F05A6F991BC9}.Editor.Debug|Win32.ActiveCfg = Debug|Any CPU
		{E9B47E88-802C-45E4-BFF4-F05A6F991BC9}.Editor.Debug|Win64.ActiveCfg = Debug|Any CPU
		{E9B47E88-802C-45E4-BFF4-F05A6F991BC9}.Editor.Development|Any CPU.ActiveCfg = Debug|Any CPU
		{E9B47E88-802C-45E4-BFF4-F05A6F991BC9}.Editor.Development|UWP_x64.ActiveCfg = Debug|Any CPU
		{E9B47E88-802C-45E4-BFF4-F05A6F991BC9}.Editor.Development|Win32.ActiveCfg = Debug|Any CPU
		{E9B47E88-802C-45E4-BFF4-F05A6F991BC9}.Editor.Development|Win64.ActiveCfg = Debug|Any CPU
		{E9B47E88-802C-45E4-BFF4-F05A6F991BC9}.Editor.Release|Any CPU.ActiveCfg = Debug|Any CPU
		{E9B47E88-802C-45E4-BFF4-F05A6F991BC9}.Editor.Release|UWP_x64.ActiveCfg = Debug|Any CPU
		{E9B47E88-802C-45E4-BFF4-F05A6F991BC9}.Editor.Release|Win32.ActiveCfg = Debug|Any CPU
		{E9B47E88-802C-45E4-BFF4-F05A6F991BC9}.Editor.Release|Win64.ActiveCfg = Debug|Any CPU
		{E9B47E88-802C-45E4-BFF4-F05A6F991BC9}.Game.Debug|Any CPU.ActiveCfg = Debug|Any CPU
		{E9B47E88-802C-45E4-BFF4-F05A6F991BC9}.Game.Debug|UWP_x64.ActiveCfg = Debug|Any CPU
		{E9B47E88-802C-45E4-BFF4-F05A6F991BC9}.Game.Debug|Win32.ActiveCfg = Debug|Any CPU
		{E9B47E88-802C-45E4-BFF4-F05A6F991BC9}.Game.Debug|Win64.ActiveCfg = Debug|Any CPU
		{E9B47E88-802C-45E4-BFF4-F05A6F991BC9}.Game.Development|Any CPU.ActiveCfg = Debug|Any CPU
		{E9B47E88-802C-45E4-BFF4-F05A6F991BC9}.Game.Development|UWP_x64.ActiveCfg = Debug|Any CPU
		{E9B47E88-802C-45E4-BFF4-F05A6F991BC9}.Game.Development|Win32.ActiveCfg = Debug|Any CPU
		{E9B47E88-802C-45E4-BFF4-F05A6F991BC9}.Game.Development|Win64.ActiveCfg = Debug|Any CPU
		{E9B47E88-802C-45E4-BFF4-F05A6F991BC9}.Game.Release|Any CPU.ActiveCfg = Debug|Any CPU
		{E9B47E88-802C-45E4-BFF4-F05A6F991BC9}.Game.Release|UWP_x64.ActiveCfg = Debug|Any CPU
		{E9B47E88-802C-45E4-BFF4-F05A6F991BC9}.Game.Release|Win32.ActiveCfg = Debug|Any CPU
		{E9B47E88-802C-45E4-BFF4-F05A6F991BC9}.Game.Release|Win64.ActiveCfg = Debug|Any CPU
		{E9B47E88-802C-45E4-BFF4-F05A6F991BC9}.Release|Any CPU.ActiveCfg = Release|Any CPU
		{E9B47E88-802C-45E4-BFF4-F05A6F991BC9}.Release|UWP_x64.ActiveCfg = Debug|Any CPU
		{E9B47E88-802C-45E4-BFF4-F05A6F991BC9}.Release|Win32.ActiveCfg = Debug|Any CPU
		{E9B47E88-802C-45E4-BFF4-F05A6F991BC9}.Release|Win64.ActiveCfg = Debug|Any CPU
		{E9B47E88-802C-45E4-BFF4-F05A6F991BC9}.Tests.Development|Any CPU.ActiveCfg = Debug|Any CPU
		{E9B47E88-802C-45E4-BFF4-F05A6F991BC9}.Tests.Development|UWP_x64.ActiveCfg = Debug|Any CPU
		{E9B47E88-802C-45E4-BFF4-F05A6F991BC9}.Tests.Development|Win32.ActiveCfg = Debug|Any CPU
		{E9B47E88-802C-45E4-BFF4-F05A6F991BC9}.Tests.Development|Win64.ActiveCfg = Debug|Any CPU
		{4AAED6A2-38B1-4A31-AB04-9264A94A8ECA}.Debug|Any CPU.ActiveCfg = Debug|Any CPU
		{4AAED6A2-38B1-4A31-AB04-9264A94A8ECA}.Debug|UWP_x64.ActiveCfg = Debug|Any CPU
		{4AAED6A2-38B1-4A31-AB04-9264A94A8ECA}.Debug|Win32.ActiveCfg = Debug|Any CPU
		{4AAED6A2-38B1-4A31-AB04-9264A94A8ECA}.Debug|Win64.ActiveCfg = Debug|Any CPU
		{4AAED6A2-38B1-4A31-AB04-9264A94A8ECA}.Editor.Debug|Any CPU.ActiveCfg = Debug|Any CPU
		{4AAED6A2-38B1-4A31-AB04-9264A94A8ECA}.Editor.Debug|UWP_x64.ActiveCfg = Debug|Any CPU
		{4AAED6A2-38B1-4A31-AB04-9264A94A8ECA}.Editor.Debug|Win32.ActiveCfg = Debug|Any CPU
		{4AAED6A2-38B1-4A31-AB04-9264A94A8ECA}.Editor.Debug|Win64.ActiveCfg = Debug|Any CPU
		{4AAED6A2-38B1-4A31-AB04-9264A94A8ECA}.Editor.Development|Any CPU.ActiveCfg = Debug|Any CPU
		{4AAED6A2-38B1-4A31-AB04-9264A94A8ECA}.Editor.Development|UWP_x64.ActiveCfg = Debug|Any CPU
		{4AAED6A2-38B1-4A31-AB04-9264A94A8ECA}.Editor.Development|Win32.ActiveCfg = Debug|Any CPU
		{4AAED6A2-38B1-4A31-AB04-9264A94A8ECA}.Editor.Development|Win64.ActiveCfg = Debug|Any CPU
		{4AAED6A2-38B1-4A31-AB04-9264A94A8ECA}.Editor.Release|Any CPU.ActiveCfg = Debug|Any CPU
		{4AAED6A2-38B1-4A31-AB04-9264A94A8ECA}.Editor.Release|UWP_x64.ActiveCfg = Debug|Any CPU
		{4AAED6A2-38B1-4A31-AB04-9264A94A8ECA}.Editor.Release|Win32.ActiveCfg = Debug|Any CPU
		{4AAED6A2-38B1-4A31-AB04-9264A94A8ECA}.Editor.Release|Win64.ActiveCfg = Debug|Any CPU
		{4AAED6A2-38B1-4A31-AB04-9264A94A8ECA}.Game.Debug|Any CPU.ActiveCfg = Debug|Any CPU
		{4AAED6A2-38B1-4A31-AB04-9264A94A8ECA}.Game.Debug|UWP_x64.ActiveCfg = Debug|Any CPU
		{4AAED6A2-38B1-4A31-AB04-9264A94A8ECA}.Game.Debug|Win32.ActiveCfg = Debug|Any CPU
		{4AAED6A2-38B1-4A31-AB04-9264A94A8ECA}.Game.Debug|Win64.ActiveCfg = Debug|Any CPU
		{4AAED6A2-38B1-4A31-AB04-9264A94A8ECA}.Game.Development|Any CPU.ActiveCfg = Debug|Any CPU
		{4AAED6A2-38B1-4A31-AB04-9264A94A8ECA}.Game.Development|UWP_x64.ActiveCfg = Debug|Any CPU
		{4AAED6A2-38B1-4A31-AB04-9264A94A8ECA}.Game.Development|Win32.ActiveCfg = Debug|Any CPU
		{4AAED6A2-38B1-4A31-AB04-9264A94A8ECA}.Game.Development|Win64.ActiveCfg = Debug|Any CPU
		{4AAED6A2-38B1-4A31-AB04-9264A94A8ECA}.Game.Release|Any CPU.ActiveCfg = Debug|Any CPU
		{4AAED6A2-38B1-4A31-AB04-9264A94A8ECA}.Game.Release|UWP_x64.ActiveCfg = Debug|Any CPU
		{4AAED6A2-38B1-4A31-AB04-9264A94A8ECA}.Game.Release|Win32.ActiveCfg = Debug|Any CPU
		{4AAED6A2-38B1-4A31-AB04-9264A94A8ECA}.Game.Release|Win64.ActiveCfg = Debug|Any CPU
		{4AAED6A2-38B1-4A31-AB04-9264A94A8ECA}.Release|Any CPU.ActiveCfg = Release|Any CPU
		{4AAED6A2-38B1-4A31-AB04-9264A94A8ECA}.Release|UWP_x64.ActiveCfg = Debug|Any CPU
		{4AAED6A2-38B1-4A31-AB04-9264A94A8ECA}.Release|Win32.ActiveCfg = Debug|Any CPU
		{4AAED6A2-38B1-4A31-AB04-9264A94A8ECA}.Release|Win64.ActiveCfg = Debug|Any CPU
		{4AAED6A2-38B1-4A31-AB04-9264A94A8ECA}.Tests.Development|Any CPU.ActiveCfg = Debug|Any CPU
		{4AAED6A2-38B1-4A31-AB04-9264A94A8ECA}.Tests.Development|UWP_x64.ActiveCfg = Debug|Any CPU
		{4AAED6A2-38B1-4A31-AB04-9264A94A8ECA}.Tests.Development|Win32.ActiveCfg = Debug|Any CPU
		{4AAED6A2-38B1-4A31-AB04-9264A94A8ECA}.Tests.Development|Win64.ActiveCfg = Debug|Any CPU
		{555984E7-E69B-4D78-992C-055F4B956ADA}.Debug|Any CPU.ActiveCfg = Debug|Any CPU
		{555984E7-E69B-4D78-992C-055F4B956ADA}.Debug|UWP_x64.ActiveCfg = Debug|Any CPU
		{555984E7-E69B-4D78-992C-055F4B956ADA}.Debug|Win32.ActiveCfg = Debug|Any CPU
		{555984E7-E69B-4D78-992C-055F4B956ADA}.Debug|Win64.ActiveCfg = Debug|Any CPU
		{555984E7-E69B-4D78-992C-055F4B956ADA}.Editor.Debug|Any CPU.ActiveCfg = Debug|Any CPU
		{555984E7-E69B-4D78-992C-055F4B956ADA}.Editor.Debug|UWP_x64.ActiveCfg = Debug|Any CPU
		{555984E7-E69B-4D78-992C-055F4B956ADA}.Editor.Debug|Win32.ActiveCfg = Debug|Any CPU
		{555984E7-E69B-4D78-992C-055F4B956ADA}.Editor.Debug|Win64.ActiveCfg = Debug|Any CPU
		{555984E7-E69B-4D78-992C-055F4B956ADA}.Editor.Development|Any CPU.ActiveCfg = Debug|Any CPU
		{555984E7-E69B-4D78-992C-055F4B956ADA}.Editor.Development|UWP_x64.ActiveCfg = Debug|Any CPU
		{555984E7-E69B-4D78-992C-055F4B956ADA}.Editor.Development|Win32.ActiveCfg = Debug|Any CPU
		{555984E7-E69B-4D78-992C-055F4B956ADA}.Editor.Development|Win64.ActiveCfg = Debug|Any CPU
		{555984E7-E69B-4D78-992C-055F4B956ADA}.Editor.Release|Any CPU.ActiveCfg = Debug|Any CPU
		{555984E7-E69B-4D78-992C-055F4B956ADA}.Editor.Release|UWP_x64.ActiveCfg = Debug|Any CPU
		{555984E7-E69B-4D78-992C-055F4B956ADA}.Editor.Release|Win32.ActiveCfg = Debug|Any CPU
		{555984E7-E69B-4D78-992C-055F4B956ADA}.Editor.Release|Win64.ActiveCfg = Debug|Any CPU
		{555984E7-E69B-4D78-992C-055F4B956ADA}.Game.Debug|Any CPU.ActiveCfg = Debug|Any CPU
		{555984E7-E69B-4D78-992C-055F4B956ADA}.Game.Debug|UWP_x64.ActiveCfg = Debug|Any CPU
		{555984E7-E69B-4D78-992C-055F4B956ADA}.Game.Debug|Win32.ActiveCfg = Debug|Any CPU
		{555984E7-E69B-4D78-992C-055F4B956ADA}.Game.Debug|Win64.ActiveCfg = Debug|Any CPU
		{555984E7-E69B-4D78-992C-055F4B956ADA}.Game.Development|Any CPU.ActiveCfg = Debug|Any CPU
		{555984E7-E69B-4D78-992C-055F4B956ADA}.Game.Development|UWP_x64.ActiveCfg = Debug|Any CPU
		{555984E7-E69B-4D78-992C-055F4B956ADA}.Game.Development|Win32.ActiveCfg = Debug|Any CPU
		{555984E7-E69B-4D78-992C-055F4B956ADA}.Game.Development|Win64.ActiveCfg = Debug|Any CPU
		{555984E7-E69B-4D78-992C-055F4B956ADA}.Game.Release|Any CPU.ActiveCfg = Debug|Any CPU
		{555984E7-E69B-4D78-992C-055F4B956ADA}.Game.Release|UWP_x64.ActiveCfg = Debug|Any CPU
		{555984E7-E69B-4D78-992C-055F4B956ADA}.Game.Release|Win32.ActiveCfg = Debug|Any CPU
		{555984E7-E69B-4D78-992C-055F4B956ADA}.Game.Release|Win64.ActiveCfg = Debug|Any CPU
		{555984E7-E69B-4D78-992C-055F4B956ADA}.Release|Any CPU.ActiveCfg = Debug|Any CPU
		{555984E7-E69B-4D78-992C-055F4B956ADA}.Release|UWP_x64.ActiveCfg = Debug|Any CPU
		{555984E7-E69B-4D78-992C-055F4B956ADA}.Release|Win32.ActiveCfg = Debug|Any CPU
		{555984E7-E69B-4D78-992C-055F4B956ADA}.Release|Win64.ActiveCfg = Debug|Any CPU
		{555984E7-E69B-4D78-992C-055F4B956ADA}.Tests.Development|Any CPU.ActiveCfg = Debug|Any CPU
		{555984E7-E69B-4D78-992C-055F4B956ADA}.Tests.Development|UWP_x64.ActiveCfg = Debug|Any CPU
		{555984E7-E69B-4D78-992C-055F4B956ADA}.Tests.Development|Win32.ActiveCfg = Debug|Any CPU
		{555984E7-E69B-4D78-992C-055F4B956ADA}.Tests.Development|Win64.ActiveCfg = Debug|Any CPU
	EndGlobalSection
	GlobalSection(SolutionProperties) = preSolution
		HideSolutionNode = FALSE
	EndGlobalSection
	GlobalSection(NestedProjects) = preSolution
		{81DEDF48-80E3-4758-9871-48E25CFA1E17} = {96E2BA03-6D88-44E7-A494-50027074618E}
		{7B7A904B-8BF7-4378-94F4-D3703706DB40} = {96E2BA03-6D88-44E7-A494-50027074618E}
		{C99AAF92-D4AD-4847-9EE0-B11E68E93E1E} = {81DEDF48-80E3-4758-9871-48E25CFA1E17}
		{3FB235A6-ADFF-415E-92B8-E810DA981A02} = {81DEDF48-80E3-4758-9871-48E25CFA1E17}
		{E9B47E88-802C-45E4-BFF4-F05A6F991BC9} = {81DEDF48-80E3-4758-9871-48E25CFA1E17}
		{4AAED6A2-38B1-4A31-AB04-9264A94A8ECA} = {81DEDF48-80E3-4758-9871-48E25CFA1E17}
	EndGlobalSection
	GlobalSection(ExtensibilityGlobals) = postSolution
		SolutionGuid = {10DE3CA5-D649-42C4-9E64-1E731D7A0D07}
	EndGlobalSection
EndGlobal
